
Microsoft Visual Studio Solution File, Format Version 12.00
# Visual Studio Version 17
VisualStudioVersion = 17.4.33205.214
MinimumVisualStudioVersion = 10.0.40219.1
Project("{9A19103F-16F7-4668-BE54-9A1E7A4F7556}") = "CadmusEpigraphyApi", "CadmusEpigraphyApi\CadmusEpigraphyApi.csproj", "{FDD59A41-8A90-4448-AEBB-B7C8E3C5E198}"
EndProject
Project("{2150E333-8FDC-42A3-9474-1A3956D46DE8}") = "Solution Items", "Solution Items", "{8168A1EB-8991-46B8-AC47-953B7610160B}"
	ProjectSection(SolutionItems) = preProject
		docker-compose.yml = docker-compose.yml
		Dockerfile = Dockerfile
		README.md = README.md
	EndProjectSection
EndProject
Global
	GlobalSection(SolutionConfigurationPlatforms) = preSolution
		Debug|Any CPU = Debug|Any CPU
		Release|Any CPU = Release|Any CPU
	EndGlobalSection
	GlobalSection(ProjectConfigurationPlatforms) = postSolution
		{FDD59A41-8A90-4448-AEBB-B7C8E3C5E198}.Debug|Any CPU.ActiveCfg = Debug|Any CPU
		{FDD59A41-8A90-4448-AEBB-B7C8E3C5E198}.Debug|Any CPU.Build.0 = Debug|Any CPU
		{FDD59A41-8A90-4448-AEBB-B7C8E3C5E198}.Release|Any CPU.ActiveCfg = Release|Any CPU
		{FDD59A41-8A90-4448-AEBB-B7C8E3C5E198}.Release|Any CPU.Build.0 = Release|Any CPU
	EndGlobalSection
	GlobalSection(SolutionProperties) = preSolution
		HideSolutionNode = FALSE
	EndGlobalSection
	GlobalSection(ExtensibilityGlobals) = postSolution
		SolutionGuid = {A5F7F700-4977-4144-B81C-CCF5D80DB5F4}
	EndGlobalSection
EndGlobal
